{
  "name": "mebus-solid",
  "version": "1.0.0",
  "lockfileVersion": 3,
  "requires": true,
  "packages": {
    "": {
      "name": "mebus-solid",
      "version": "1.0.0",
      "license": "MIT",
      "dependencies": {
        "mebus": "^1.0.2",
        "solid-js": "^1.8.15",
        "zod": "^3.22.4"
      }
    },
    "node_modules/csstype": {
      "version": "3.1.3",
      "resolved": "https://registry.npmjs.org/csstype/-/csstype-3.1.3.tgz",
      "integrity": "sha512-M1uQkMl8rQK/szD0LNhtqxIPLpimGm8sOBwU7lLnCpSbTyY3yeU1Vc7l4KT5zT4s/yOxHH5O7tIuuLOCnLADRw=="
    },
    "node_modules/mebus": {
      "version": "1.0.2",
      "resolved": "https://registry.npmjs.org/mebus/-/mebus-1.0.2.tgz",
      "integrity": "sha512-q6hENllj9pd5s74ypV9f7K+yDkPesnsPMRSlN/EobuMLUlO99mhd5+IM9eQe2EfnlWJPauUH5PupaMMgUaOL2g==",
      "dependencies": {
        "zod": "^3.22.4"
      }
    },
    "node_modules/seroval": {
      "version": "1.0.4",
      "resolved": "https://registry.npmjs.org/seroval/-/seroval-1.0.4.tgz",
      "integrity": "sha512-qQs/N+KfJu83rmszFQaTxcoJoPn6KNUruX4KmnmyD0oZkUoiNvJ1rpdYKDf4YHM05k+HOgCxa3yvf15QbVijGg==",
      "engines": {
        "node": ">=10"
      }
    },
    "node_modules/seroval-plugins": {
      "version": "1.0.4",
      "resolved": "https://registry.npmjs.org/seroval-plugins/-/seroval-plugins-1.0.4.tgz",
      "integrity": "sha512-DQ2IK6oQVvy8k+c2V5x5YCtUa/GGGsUwUBNN9UqohrZ0rWdUapBFpNMYP1bCyRHoxOJjdKGl+dieacFIpU/i1A==",
      "engines": {
        "node": ">=10"
      },
      "peerDependencies": {
        "seroval": "^1.0"
      }
    },
    "node_modules/solid-js": {
      "version": "1.8.15",
      "resolved": "https://registry.npmjs.org/solid-js/-/solid-js-1.8.15.tgz",
      "integrity": "sha512-d0QP/efr3UVcwGgWVPveQQ0IHOH6iU7yUhc2piy8arNG8wxKmvUy1kFxyF8owpmfCWGB87usDKMaVnsNYZm+Vw==",
      "dependencies": {
        "csstype": "^3.1.0",
        "seroval": "^1.0.3",
        "seroval-plugins": "^1.0.3"
      }
    },
    "node_modules/zod": {
      "version": "3.22.4",
      "resolved": "https://registry.npmjs.org/zod/-/zod-3.22.4.tgz",
      "integrity": "sha512-iC+8Io04lddc+mVqQ9AZ7OQ2MrUKGN+oIQyq1vemgt46jwCwLfhq7/pwnBnNXXXZb8VTVLKwp9EDkx+ryxIWmg==",
      "funding": {
        "url": "https://github.com/sponsors/colinhacks"
      }
    }
  }
}
